<?xml version="1.0" encoding="UTF-8" standalone="yes" ?>
<CodeBlocks_project_file>
	<FileVersion major="1" minor="6" />
	<Project>
		<Option title="hbbtvbrowserplugin" />
		<Option pch_mode="2" />
		<Option compiler="gcc" />
		<Build>
			<Target title="Debug">
				<Option output="bin/Debug/hbbtvbrowserplugin" prefix_auto="1" extension_auto="1" />
				<Option object_output="obj/Debug/" />
				<Option type="1" />
				<Option compiler="gcc" />
				<Compiler>
					<Add option="-g" />
				</Compiler>
			</Target>
		</Build>
		<Compiler>
			<Add option="-Wall" />
		</Compiler>
		<Unit filename="../../../autogen.sh" />
		<Unit filename="../../../configure.ac" />
		<Unit filename="../../../makefile.am" />
		<Unit filename="../../../makefile.old" />
		<Unit filename="../../../src/applicationclass.c">
			<Option compilerVar="CC" />
		</Unit>
		<Unit filename="../../../src/applicationclass.h" />
		<Unit filename="../../../src/applicationprivatedataclass.c">
			<Option compilerVar="CC" />
		</Unit>
		<Unit filename="../../../src/applicationprivatedataclass.h" />
		<Unit filename="../../../src/configurationclass.c">
			<Option compilerVar="CC" />
		</Unit>
		<Unit filename="../../../src/configurationclass.h" />
		<Unit filename="../../../src/downloadclass.c">
			<Option compilerVar="CC" />
		</Unit>
		<Unit filename="../../../src/downloadclass.h" />
		<Unit filename="../../../src/downloadcollectionclass.c">
			<Option compilerVar="CC" />
		</Unit>
		<Unit filename="../../../src/downloadcollectionclass.h" />
		<Unit filename="../../../src/drmcontrolinfocollectionclass.c">
			<Option compilerVar="CC" />
		</Unit>
		<Unit filename="../../../src/drmcontrolinfocollectionclass.h" />
		<Unit filename="../../../src/drmcontrolinformationclass.c">
			<Option compilerVar="CC" />
		</Unit>
		<Unit filename="../../../src/drmcontrolinformationclass.h" />
		<Unit filename="../../../src/hbbtvbrowserplugin.c">
			<Option compilerVar="CC" />
		</Unit>
		<Unit filename="../../../src/hbbtvbrowserplugin.h" />
		<Unit filename="../../../src/hbbtvbrowserpluginapi.c">
			<Option compilerVar="CC" />
		</Unit>
		<Unit filename="../../../src/hbbtvbrowserpluginapi.h" />
		<Unit filename="../../../src/keysetclass.c">
			<Option compilerVar="CC" />
		</Unit>
		<Unit filename="../../../src/keysetclass.h" />
		<Unit filename="../../../src/makefile.am" />
		<Unit filename="../../../src/oipfapplicationmanager.c">
			<Option compilerVar="CC" />
		</Unit>
		<Unit filename="../../../src/oipfapplicationmanager.h" />
		<Unit filename="../../../src/oipfconfiguration.c">
			<Option compilerVar="CC" />
		</Unit>
		<Unit filename="../../../src/oipfconfiguration.h" />
		<Unit filename="../../../src/oipfdownloadmanager.c">
			<Option compilerVar="CC" />
		</Unit>
		<Unit filename="../../../src/oipfdownloadmanager.h" />
		<Unit filename="../../../src/oipfdownloadtrigger.c">
			<Option compilerVar="CC" />
		</Unit>
		<Unit filename="../../../src/oipfdownloadtrigger.h" />
		<Unit filename="../../../src/videobroadcast.c">
			<Option compilerVar="CC" />
		</Unit>
		<Unit filename="../../../src/videobroadcast.h" />
		<Extensions>
			<code_completion />
			<debugger />
		</Extensions>
	</Project>
</CodeBlocks_project_file>
